
Microsoft Visual Studio Solution File, Format Version 12.00
# Visual Studio 15
VisualStudioVersion = 15.0.27004.2002
MinimumVisualStudioVersion = 10.0.40219.1
Project("{2150E333-8FDC-42A3-9474-1A3956D46DE8}") = "src", "src", "{0A003964-77CA-4779-BD97-BADDD710A745}"
EndProject
Project("{2150E333-8FDC-42A3-9474-1A3956D46DE8}") = "Solution Items", "Solution Items", "{3EA980E1-D295-4E61-B2EE-29CFE1EDB2F1}"
	ProjectSection(SolutionItems) = preProject
		appveyor.yml = appveyor.yml
		preview.png = preview.png
		README.md = README.md
	EndProjectSection
EndProject
Project("{9A19103F-16F7-4668-BE54-9A1E7A4F7556}") = "Unosquare.PassCore.Web", "src\Unosquare.PassCore.Web\Unosquare.PassCore.Web.csproj", "{22E2F79B-7816-4FAB-894D-112759551796}"
EndProject
Global
	GlobalSection(SolutionConfigurationPlatforms) = preSolution
		Debug|Any CPU = Debug|Any CPU
		Release|Any CPU = Release|Any CPU
	EndGlobalSection
	GlobalSection(ProjectConfigurationPlatforms) = postSolution
		{22E2F79B-7816-4FAB-894D-112759551796}.Debug|Any CPU.ActiveCfg = Debug|Any CPU
		{22E2F79B-7816-4FAB-894D-112759551796}.Debug|Any CPU.Build.0 = Debug|Any CPU
		{22E2F79B-7816-4FAB-894D-112759551796}.Release|Any CPU.ActiveCfg = Release|Any CPU
		{22E2F79B-7816-4FAB-894D-112759551796}.Release|Any CPU.Build.0 = Release|Any CPU
	EndGlobalSection
	GlobalSection(SolutionProperties) = preSolution
		HideSolutionNode = FALSE
	EndGlobalSection
	GlobalSection(NestedProjects) = preSolution
		{22E2F79B-7816-4FAB-894D-112759551796} = {0A003964-77CA-4779-BD97-BADDD710A745}
	EndGlobalSection
	GlobalSection(ExtensibilityGlobals) = postSolution
		SolutionGuid = {30FE6198-367B-44D3-97CC-50927E101F3E}
	EndGlobalSection
EndGlobal
